github.com/ebitengine/debugui v0.2.0 h1:FPAgRRzB8QqsyRnMVlzyiVcZTg5l69BMpHlnHktdQg8=
github.com/ebitengine/debugui v0.2.0/go.mod h1:I9KvQiFgUVO+a3GntY7k+t6QZBESqwKcoegEbYuddw4=
github.com/ebitengine/gomobile v0.0.0-20250923094054-ea854a63cce1 h1:+kz5iTT3L7uU+VhlMfTb8hHcxLO3TlaELlX8wa4XjA0=
github.com/ebitengine/gomobile v0.0.0-20250923094054-ea854a63cce1/go.mod h1:lKJoeixeJwnFmYsBny4vvCJGVFc3aYDalhuDsfZzWHI=
github.com/ebitengine/hideconsole v1.0.0 h1:5J4U0kXF+pv/DhiXt5/lTz0eO5ogJ1iXb8Yj1yReDqE=
github.com/ebitengine/hideconsole v1.0.0/go.mod h1:hTTBTvVYWKBuxPr7peweneWdkUwEuHuB3C1R/ielR1A=
github.com/ebitengine/oto/v3 v3.4.0 h1:br0PgASsEWaoWn38b2Goe7m1GKFYfNgnsjSd5Gg+/bQ=
github.com/ebitengine/oto/v3 v3.4.0/go.mod h1:IOleLVD0m+CMak3mRVwsYY8vTctQgOM0iiL6S7Ar7eI=
github.com/ebitengine/purego v0.9.0 h1:mh0zpKBIXDceC63hpvPuGLiJ8ZAa3DfrFTudmfi8A4k=
github.com/ebitengine/purego v0.9.0/go.mod h1:iIjxzd6CiRiOG0UyXP+V1+jWqUXVjPKLAI0mRfJZTmQ=
github.com/gen2brain/mpeg v0.5.0 h1:YrY5F5ZQAJCF/ItDHSb0bF5fxwk5IDq/RjOnfFhWurs=
github.com/gen2brain/mpeg v0.5.0/go.mod h1:N37OJKAg3YeMfVqscgraoU6kwusr4pvA8aJK9QWPGiQ=
github.com/go-text/typesetting v0.3.0 h1:OWCgYpp8njoxSRpwrdd1bQOxdjOXDj9Rqart9ML4iF4=
github.com/go-text/typesetting v0.3.0/go.mod h1:qjZLkhRgOEYMhU9eHBr3AR4sfnGJvOXNLt8yRAySFuY=
github.com/google/jsonschema-go v0.4.3 h1:/DBOLZTfDow7pe2GmaJNhltueGTtDKICi8V8p+DQPd0=
github.com/google/jsonschema-go v0.4.3/go.mod h1:r5quNTdLOYEz95Ru18zA0ydNbBuYoo9tgaYcxEYhJVE=
github.com/gorilla/websocket v1.5.3 h1:saDtZ6Pbx/0u+bgYQ3q96pZgCzfhKXGPqt7kZ72aNNg=
github.com/gorilla/websocket v1.5.3/go.mod h1:YR8l580nyteQvAITg2hZ9XVh4b55+EU/adAjf1fMHhE=
github.com/hajimehoshi/bitmapfont/v4 v4.1.0 h1:eE3qa5Do4qhowZVIHjsrX5pYyyPN6sAFWMsO7QREm3U=
github.com/hajimehoshi/bitmapfont/v4 v4.1.0/go.mod h1:/PD+aLjAJ0F2UoQx6hkOfXqWN7BkroDUMr5W+IT1dpE=
github.com/hajimehoshi/ebiten/v2 v2.9.9 h1:JdDag6Ndj12iD4lxQGG8kbsrh7ssj4Sbzth6r929H/M=
github.com/hajimehoshi/ebiten/v2 v2.9.9/go.mod h1:DAt4tnkYYpCvu3x9i1X/nK/vOruNXIlYq/tBXxnhrXM=
github.com/hajimehoshi/go-mp3 v0.3.4 h1:NUP7pBYH8OguP4diaTZ9wJbUbk3tC0KlfzsEpWmYj68=
github.com/hajimehoshi/go-mp3 v0.3.4/go.mod h1:fRtZraRFcWb0pu7ok0LqyFhCUrPeMsGRSVop0eemFmo=
github.com/jakecoffman/cp/v2 v2.3.0 h1:o27SCFFCsbX0aS5FLMYVdf4YuDoK3eNnCpkBizZDuQI=
github.com/jakecoffman/cp/v2 v2.3.0/go.mod h1:6lPSBgxx6+//RIlSaMH3XaXtcCwPY1ZCJox1ThK5bZw=
github.com/jezek/xgb v1.1.1 h1:bE/r8ZZtSv7l9gk6nU0mYx51aXrvnyb44892TwSaqS4=
github.com/jezek/xgb v1.1.1/go.mod h1:nrhwO0FX/enq75I7Y7G8iN1ubpSGZEiA3v9e9GyRFlk=
github.com/jfreymuth/oggvorbis v1.0.5 h1:u+Ck+R0eLSRhgq8WTmffYnrVtSztJcYrl588DM4e3kQ=
github.com/jfreymuth/oggvorbis v1.0.5/go.mod h1:1U4pqWmghcoVsCJJ4fRBKv9peUJMBHixthRlBeD6uII=
github.com/jfreymuth/vorbis v1.0.2 h1:m1xH6+ZI4thH927pgKD8JOH4eaGRm18rEE9/0WKjvNE=
github.com/jfreymuth/vorbis v1.0.2/go.mod h1:DoftRo4AznKnShRl1GxiTFCseHr4zR9BN3TWXyuzrqQ=
github.com/kisielk/errcheck v1.9.0 h1:9xt1zI9EBfcYBvdU1nVrzMzzUPUtPKs9bVSIM3TAb3M=
github.com/kisielk/errcheck v1.9.0/go.mod h1:kQxWMMVZgIkDq7U8xtG/n2juOjbLgZtedi0D+/VL/i8=
github.com/modelcontextprotocol/go-sdk v1.7.0 h1:yqjY2dsbKAC0LSuWZVBMrHgiG8ukXv6NRo0JiALay44=
github.com/modelcontextprotocol/go-sdk v1.7.0/go.mod h1:dL7u98E/zjJTGzEq+j30jQ8K2k1mb6LeAH4inEcSGts=
github.com/ncruces/go-sqlite3 v0.35.3 h1:Ei07Zv1qfV/vyXzelhFsyS5Oh9TArBZHsmFk14Xv3GY=
github.com/ncruces/go-sqlite3 v0.35.3/go.mod h1:i1rhym/NIiB5xeEfzbN+e24Y+i7NGUpf7C2xZ3Dpwks=
github.com/ncruces/go-sqlite3-wasm/v3 v3.2.35304 h1:5NoQAewtgKNK3G4bjNPxVoGXu6F6NzLXWCTdD5FFAEY=
github.com/ncruces/go-sqlite3-wasm/v3 v3.2.35304/go.mod h1:o8gr9w/50fXA5TDskg6bNUjvqmFfw4KaXth4q+yDSjg=
github.com/ncruces/julianday v1.0.0 h1:fH0OKwa7NWvniGQtxdJRxAgkBMolni2BjDHaWTxqt7M=
github.com/ncruces/julianday v1.0.0/go.mod h1:Dusn2KvZrrovOMJuOt0TNXL6tB7U2E8kvza5fFc9G7g=
github.com/pierrec/lz4/v4 v4.1.22 h1:cKFw6uJDK+/gfw5BcDL0JL5aBsAFdsIT18eRtLj7VIU=
github.com/pierrec/lz4/v4 v4.1.22/go.mod h1:gZWDp/Ze/IJXGXf23ltt2EXimqmTUXEy0GFuRQyBid4=
github.com/rivo/uniseg v0.4.7 h1:WUdvkW8uEhrYfLC4ZzdpI2ztxP1I582+49Oc5Mq64VQ=
github.com/rivo/uniseg v0.4.7/go.mod h1:FN3SvrM+Zdj16jyLfmOkMNblXMcoc8DfTHruCPUcx88=
github.com/segmentio/asm v1.2.1 h1:DTNbBqs57ioxAD4PrArqftgypG4/qNpXoJx8TVXxPR0=
github.com/segmentio/asm v1.2.1/go.mod h1:BqMnlJP91P8d+4ibuonYZw9mfnzI9HfxselHZr5aAcs=
github.com/segmentio/encoding v0.5.4 h1:OW1VRern8Nw6ITAtwSZ7Idrl3MXCFwXHPgqESYfvNt0=
github.com/segmentio/encoding v0.5.4/go.mod h1:HS1ZKa3kSN32ZHVZ7ZLPLXWvOVIiZtyJnO1gPH1sKt0=
github.com/yosida95/uritemplate/v3 v3.0.2 h1:Ed3Oyj9yrmi9087+NczuL5BwkIc4wvTb5zIM+UJPGz4=
github.com/yosida95/uritemplate/v3 v3.0.2/go.mod h1:ILOh0sOhIJR3+L/8afwt/kE++YT040gmv5BQTMR2HP4=
github.com/yuin/goldmark v1.8.5 h1:r6N5afV5qj/5S4UTch8agZHJ8UxNCMwX7WjkkJam2NA=
github.com/yuin/goldmark v1.8.5/go.mod h1:ip/1k0VRfGynBgxOz0yCqHrbZXhcjxyuS66Brc7iBKg=
github.com/yuin/goldmark/v2 v2.0.0 h1:P6JP1Px30eqo339He8dDFE8D0BSM21eQcbozLWH+E6g=
github.com/yuin/goldmark/v2 v2.0.0/go.mod h1:G6M4/qOFtfn01/o14BU1UR2Lo5N3S9Qo7xCuz/sHjGQ=
golang.org/x/image v0.31.0 h1:mLChjE2MV6g1S7oqbXC0/UcKijjm5fnJLUYKIYrLESA=
golang.org/x/image v0.31.0/go.mod h1:R9ec5Lcp96v9FTF+ajwaH3uGxPH4fKfHHAVbUILxghA=
golang.org/x/mod v0.37.0 h1:vF1DjpVEshcIqoEaauuHebaLk1O1forxjxBaVn884JQ=
golang.org/x/mod v0.37.0/go.mod h1:m8S8VeM9r4dzDwjrKO0a1sZP3YjeMamRRlD+fmR2Q/0=
golang.org/x/oauth2 v0.36.0 h1:peZ/1z27fi9hUOFCAZaHyrpWG5lwe0RJEEEeH0ThlIs=
golang.org/x/oauth2 v0.36.0/go.mod h1:YDBUJMTkDnJS+A4BP4eZBjCqtokkg1hODuPjwiGPO7Q=
golang.org/x/sync v0.22.0 h1:SZjpbeLmrCk4xhRSZFNZW5gFUeCeFgjekvI/+gfScek=
golang.org/x/sync v0.22.0/go.mod h1:9xrNwdLfx4jkKbNva9FpL6vEN7evnE43NNNJQ2LF3+0=
golang.org/x/sys v0.47.0 h1:o7XGOvZQCADBQQ4Y7VNq2dRWQR7JmOUW8Kxx4ZsNgWs=
golang.org/x/sys v0.47.0/go.mod h1:4GL1E5IUh+htKOUEOaiffhrAeqysfVGipDYzABqnCmw=
golang.org/x/term v0.45.0 h1:NwWyBmoJCbfTHpxrWoZ9C6/VxOf7ic219I8xZZFdrf0=
golang.org/x/term v0.45.0/go.mod h1:9aqxs0blBcrm/n0L9QW0aRVD+ktan8ssZromtqJC43w=
golang.org/x/text v0.40.0 h1:Ub2Z6/xjgF1WrYQz2nuITOEegKFtiIy+rieRJ5lHZKs=
golang.org/x/text v0.40.0/go.mod h1:hpnzDAfGV753zIKo+wk3u1bVKCGPbrnF7+7LBF/UHVY=
golang.org/x/time v0.15.0 h1:bbrp8t3bGUeFOx08pvsMYRTCVSMk89u4tKbNOZbp88U=
golang.org/x/time v0.15.0/go.mod h1:Y4YMaQmXwGQZoFaVFk4YpCt4FLQMYKZe9oeV/f4MSno=
golang.org/x/tools v0.47.0 h1:7Kn5x/d1svx/PzryTsqeoZN4TZwqeH5pGWjefhLi/1Q=
golang.org/x/tools v0.47.0/go.mod h1:dFHnyTvFWY212G+h7ZY4Vsp/K3U4/7W9TyVaAul8uCA=
golang.org/x/tools/go/expect v0.1.1-deprecated h1:jpBZDwmgPhXsKZC6WhL20P4b/wmnpsEAGHaNy0n/rJM=
golang.org/x/tools/go/expect v0.1.1-deprecated/go.mod h1:eihoPOH+FgIqa3FpoTwguz/bVUSGBlGQU67vpBeOrBY=
golang.org/x/tools/go/packages/packagestest v0.1.1-deprecated h1:1h2MnaIAIXISqTFKdENegdpAgUXz6NrPEsbIeWaBRvM=
golang.org/x/tools/go/packages/packagestest v0.1.1-deprecated/go.mod h1:RVAQXBGNv1ib0J382/DPCRS/BPnsGebyM1Gj5VSDpG8=
gopkg.in/check.v1 v0.0.0-20161208181325-20d25e280405 h1:yhCVgyC4o1eVCa2tZl7eS0r+SDo693bJlVdllGtEeKM=
gopkg.in/check.v1 v0.0.0-20161208181325-20d25e280405/go.mod h1:Co6ibVJAznAaIkqp8huTwlJQCZ016jof/cbN4VW5Yz0=
gopkg.in/yaml.v3 v3.0.1 h1:fxVm/GzAzEWqLHuvctI91KS9hhNmmWOoWu0XTYJS7CA=
gopkg.in/yaml.v3 v3.0.1/go.mod h1:K4uyk7z7BCEPqu6E+C64Yfv1cQ7kz7rIZviUmN+EgEM=
